
Microsoft Visual Studio Solution File, Format Version 12.00
# Visual Studio Version 17
VisualStudioVersion = 17.14.36401.2
MinimumVisualStudioVersion = 10.0.40219.1
Project("{FAE04EC0-301F-11D3-BF4B-00C04F79EFBC}") = "API", "API.csproj", "{6120889C-3105-4108-AE52-7ED3574DEADC}"
EndProject
Project("{FAE04EC0-301F-11D3-BF4B-00C04F79EFBC}") = "Core", "..\Core\Core.csproj", "{D5731C0E-5492-25B1-FA4D-E8F72BDD01C6}"
EndProject
Project("{FAE04EC0-301F-11D3-BF4B-00C04F79EFBC}") = "Data", "..\Data\Data.csproj", "{D82E6DE6-4E48-4F68-9367-7D7920E1B3E1}"
EndProject
Project("{FAE04EC0-301F-11D3-BF4B-00C04F79EFBC}") = "Tests", "..\Tests\Tests.csproj", "{D3852432-E5D1-4E86-9432-53B1617D17A8}"
EndProject
Global
	GlobalSection(SolutionConfigurationPlatforms) = preSolution
		Debug|Any CPU = Debug|Any CPU
		Release|Any CPU = Release|Any CPU
	EndGlobalSection
	GlobalSection(ProjectConfigurationPlatforms) = postSolution
		{6120889C-3105-4108-AE52-7ED3574DEADC}.Debug|Any CPU.ActiveCfg = Debug|Any CPU
		{6120889C-3105-4108-AE52-7ED3574DEADC}.Debug|Any CPU.Build.0 = Debug|Any CPU
		{6120889C-3105-4108-AE52-7ED3574DEADC}.Release|Any CPU.ActiveCfg = Release|Any CPU
		{6120889C-3105-4108-AE52-7ED3574DEADC}.Release|Any CPU.Build.0 = Release|Any CPU
		{D5731C0E-5492-25B1-FA4D-E8F72BDD01C6}.Debug|Any CPU.ActiveCfg = Debug|Any CPU
		{D5731C0E-5492-25B1-FA4D-E8F72BDD01C6}.Debug|Any CPU.Build.0 = Debug|Any CPU
		{D5731C0E-5492-25B1-FA4D-E8F72BDD01C6}.Release|Any CPU.ActiveCfg = Release|Any CPU
		{D5731C0E-5492-25B1-FA4D-E8F72BDD01C6}.Release|Any CPU.Build.0 = Release|Any CPU
		{D82E6DE6-4E48-4F68-9367-7D7920E1B3E1}.Debug|Any CPU.ActiveCfg = Debug|Any CPU
		{D82E6DE6-4E48-4F68-9367-7D7920E1B3E1}.Debug|Any CPU.Build.0 = Debug|Any CPU
		{D82E6DE6-4E48-4F68-9367-7D7920E1B3E1}.Release|Any CPU.ActiveCfg = Release|Any CPU
		{D82E6DE6-4E48-4F68-9367-7D7920E1B3E1}.Release|Any CPU.Build.0 = Release|Any CPU
		{D3852432-E5D1-4E86-9432-53B1617D17A8}.Debug|Any CPU.ActiveCfg = Debug|Any CPU
		{D3852432-E5D1-4E86-9432-53B1617D17A8}.Debug|Any CPU.Build.0 = Debug|Any CPU
		{D3852432-E5D1-4E86-9432-53B1617D17A8}.Release|Any CPU.ActiveCfg = Release|Any CPU
		{D3852432-E5D1-4E86-9432-53B1617D17A8}.Release|Any CPU.Build.0 = Release|Any CPU
	EndGlobalSection
	GlobalSection(SolutionProperties) = preSolution
		HideSolutionNode = FALSE
	EndGlobalSection
	GlobalSection(ExtensibilityGlobals) = postSolution
		SolutionGuid = {568F56DC-DD70-416E-B1C9-08F398B3135C}
	EndGlobalSection
EndGlobal
